// !$*UTF8*$!
{
	archiveVersion = 1;
	classes = {
	};
	objectVersion = 56;
	objects = {

/* Begin PBXBuildFile section */
		B21B218C296FF9740092FFD6 /* NewMemoryToolbar.swift in Sources */ = {isa = PBXBuildFile; fileRef = B21B218B296FF9740092FFD6 /* NewMemoryToolbar.swift */; };
		B21B218E2970004D0092FFD6 /* JustCloseToolbar.swift in Sources */ = {isa = PBXBuildFile; fileRef = B21B218D2970004C0092FFD6 /* JustCloseToolbar.swift */; };
		B21B2190297001FC0092FFD6 /* MainToolbar.swift in Sources */ = {isa = PBXBuildFile; fileRef = B21B218F297001FC0092FFD6 /* MainToolbar.swift */; };
		B21B2192297004AF0092FFD6 /* SettingsToolbar.swift in Sources */ = {isa = PBXBuildFile; fileRef = B21B2191297004AE0092FFD6 /* SettingsToolbar.swift */; };
		B21B219429703C630092FFD6 /* DatabaseDataManager.swift in Sources */ = {isa = PBXBuildFile; fileRef = B21B219329703C630092FFD6 /* DatabaseDataManager.swift */; };
		B21B2196297042CE0092FFD6 /* JSONDataManager.swift in Sources */ = {isa = PBXBuildFile; fileRef = B21B2195297042CE0092FFD6 /* JSONDataManager.swift */; };
		B21B219B297064EE0092FFD6 /* Just-Diary-Info.plist in Resources */ = {isa = PBXBuildFile; fileRef = B21B219A297064BF0092FFD6 /* Just-Diary-Info.plist */; };
		B21B21A129729ED10092FFD6 /* JSONDocument.swift in Sources */ = {isa = PBXBuildFile; fileRef = B21B21A029729ED10092FFD6 /* JSONDocument.swift */; };
		B21B21A52972AC2B0092FFD6 /* ActivityView.swift in Sources */ = {isa = PBXBuildFile; fileRef = B21B21A42972AC2B0092FFD6 /* ActivityView.swift */; };
		B21B21A72972B40E0092FFD6 /* View+Extension.swift in Sources */ = {isa = PBXBuildFile; fileRef = B21B21A62972B40E0092FFD6 /* View+Extension.swift */; };
		B21B21A929753CA60092FFD6 /* GetJSONDocument.swift in Sources */ = {isa = PBXBuildFile; fileRef = B21B21A829753CA60092FFD6 /* GetJSONDocument.swift */; };
		B21B21AB29753F8F0092FFD6 /* MemoryView.swift in Sources */ = {isa = PBXBuildFile; fileRef = B21B21AA29753F8F0092FFD6 /* MemoryView.swift */; };
		B21E89C8297599DB001F96AD /* MemoriesBox.swift in Sources */ = {isa = PBXBuildFile; fileRef = B21E89C7297599DB001F96AD /* MemoriesBox.swift */; };
		B220FF902987D5A000F052C3 /* DayModel.swift in Sources */ = {isa = PBXBuildFile; fileRef = B220FF8F2987D5A000F052C3 /* DayModel.swift */; };
		B220FF922987F03200F052C3 /* Window.swift in Sources */ = {isa = PBXBuildFile; fileRef = B220FF912987F03200F052C3 /* Window.swift */; };
		B252B7C7296DBBFE0093DF14 /* GetYearFromDate.swift in Sources */ = {isa = PBXBuildFile; fileRef = B252B7C6296DBBFE0093DF14 /* GetYearFromDate.swift */; };
		B252B7C9296DBCA30093DF14 /* GetMonthFromDate.swift in Sources */ = {isa = PBXBuildFile; fileRef = B252B7C8296DBCA30093DF14 /* GetMonthFromDate.swift */; };
		B252B7D0296ED6860093DF14 /* RxCocoa in Frameworks */ = {isa = PBXBuildFile; productRef = B252B7CF296ED6860093DF14 /* RxCocoa */; };
		B252B7D2296ED6860093DF14 /* RxSwift in Frameworks */ = {isa = PBXBuildFile; productRef = B252B7D1296ED6860093DF14 /* RxSwift */; };
		B266ECEF295C90FA008F70DB /* Just_DiaryApp.swift in Sources */ = {isa = PBXBuildFile; fileRef = B266ECEE295C90FA008F70DB /* Just_DiaryApp.swift */; };
		B266ECF1295C90FA008F70DB /* MainList.swift in Sources */ = {isa = PBXBuildFile; fileRef = B266ECF0295C90FA008F70DB /* MainList.swift */; };
		B266ECF3295C90FC008F70DB /* Assets.xcassets in Resources */ = {isa = PBXBuildFile; fileRef = B266ECF2295C90FC008F70DB /* Assets.xcassets */; };
		B266ECF7295C90FC008F70DB /* Preview Assets.xcassets in Resources */ = {isa = PBXBuildFile; fileRef = B266ECF6295C90FC008F70DB /* Preview Assets.xcassets */; };
		B27321B2297578A20025E749 /* FindTriggeredObj.swift in Sources */ = {isa = PBXBuildFile; fileRef = B27321B1297578A20025E749 /* FindTriggeredObj.swift */; };
		B28DB6E229695D3C0033DEE8 /* AboutDeveloperView.swift in Sources */ = {isa = PBXBuildFile; fileRef = B28DB6E129695D3C0033DEE8 /* AboutDeveloperView.swift */; };
		B28DB6E4296961E40033DEE8 /* Image.swift in Sources */ = {isa = PBXBuildFile; fileRef = B28DB6E3296961E40033DEE8 /* Image.swift */; };
		B28DB6E62969817D0033DEE8 /* String.swift in Sources */ = {isa = PBXBuildFile; fileRef = B28DB6E52969817D0033DEE8 /* String.swift */; };
		B28DB6F12969871D0033DEE8 /* Localizable.strings in Resources */ = {isa = PBXBuildFile; fileRef = B28DB6F32969871D0033DEE8 /* Localizable.strings */; };
		B28DB6F8296987B70033DEE8 /* String+Extension.swift in Sources */ = {isa = PBXBuildFile; fileRef = B28DB6F7296987B70033DEE8 /* String+Extension.swift */; };
		B28DB6FA2969ADB90033DEE8 /* NewMemoryView.swift in Sources */ = {isa = PBXBuildFile; fileRef = B28DB6F92969ADB90033DEE8 /* NewMemoryView.swift */; };
		B2AC2553297D08D700B8E3B9 /* SaveMemory.swift in Sources */ = {isa = PBXBuildFile; fileRef = B2AC2552297D08D700B8E3B9 /* SaveMemory.swift */; };
		B2AC2556297D123000B8E3B9 /* MainListViewModel.swift in Sources */ = {isa = PBXBuildFile; fileRef = B2AC2555297D123000B8E3B9 /* MainListViewModel.swift */; };
		B2AC2558297D154300B8E3B9 /* DayListViewModel.swift in Sources */ = {isa = PBXBuildFile; fileRef = B2AC2557297D154300B8E3B9 /* DayListViewModel.swift */; };
		B2AC255A297D8B1C00B8E3B9 /* ObservableType+Extension.swift in Sources */ = {isa = PBXBuildFile; fileRef = B2AC2559297D8B1C00B8E3B9 /* ObservableType+Extension.swift */; };
		B2BC896A296D509300B36BD4 /* LocalRxDataManager.swift in Sources */ = {isa = PBXBuildFile; fileRef = B2BC8969296D509300B36BD4 /* LocalRxDataManager.swift */; };
		B2BC896F296D6D0D00B36BD4 /* Memory.swift in Sources */ = {isa = PBXBuildFile; fileRef = B2BC896E296D6D0D00B36BD4 /* Memory.swift */; };
		B2BC8972296D6EC200B36BD4 /* Resources.swift in Sources */ = {isa = PBXBuildFile; fileRef = B2BC8971296D6EC200B36BD4 /* Resources.swift */; };
		B2BC8974296D6EDC00B36BD4 /* UseCases.swift in Sources */ = {isa = PBXBuildFile; fileRef = B2BC8973296D6EDC00B36BD4 /* UseCases.swift */; };
		B2BC897A296DA87400B36BD4 /* RangeReplaceableCollection+Extension.swift in Sources */ = {isa = PBXBuildFile; fileRef = B2BC8979296DA87400B36BD4 /* RangeReplaceableCollection+Extension.swift */; };
		B2BCE8662966E012001B8388 /* YearAndMonthStruct.swift in Sources */ = {isa = PBXBuildFile; fileRef = B2BCE8652966E012001B8388 /* YearAndMonthStruct.swift */; };
		B2BCE86E2966FF73001B8388 /* DayList.swift in Sources */ = {isa = PBXBuildFile; fileRef = B2BCE86D2966FF73001B8388 /* DayList.swift */; };
		B2BCE872296700DA001B8388 /* DayRow.swift in Sources */ = {isa = PBXBuildFile; fileRef = B2BCE871296700DA001B8388 /* DayRow.swift */; };
		B2BCE875296705D9001B8388 /* Color.swift in Sources */ = {isa = PBXBuildFile; fileRef = B2BCE874296705D9001B8388 /* Color.swift */; };
		B2BCE87B2967383B001B8388 /* GetClearData.swift in Sources */ = {isa = PBXBuildFile; fileRef = B2BCE87A2967383B001B8388 /* GetClearData.swift */; };
		B2BCE87E29694288001B8388 /* MainData.xcdatamodeld in Sources */ = {isa = PBXBuildFile; fileRef = B2BCE87C29694288001B8388 /* MainData.xcdatamodeld */; };
		B2BCE88129694D95001B8388 /* SettingsView.swift in Sources */ = {isa = PBXBuildFile; fileRef = B2BCE88029694D95001B8388 /* SettingsView.swift */; };
		B2C7BC422975900600616953 /* MemoryViewToolbar.swift in Sources */ = {isa = PBXBuildFile; fileRef = B2C7BC412975900600616953 /* MemoryViewToolbar.swift */; };
		B2C7BC442975937C00616953 /* MemoryObject+Extension.swift in Sources */ = {isa = PBXBuildFile; fileRef = B2C7BC432975937C00616953 /* MemoryObject+Extension.swift */; };
		B2FE740E297C31360038971F /* StatisticView.swift in Sources */ = {isa = PBXBuildFile; fileRef = B2FE740D297C31360038971F /* StatisticView.swift */; };
		B2FE7410297C337C0038971F /* StatisticRow.swift in Sources */ = {isa = PBXBuildFile; fileRef = B2FE740F297C337C0038971F /* StatisticRow.swift */; };
		B2FE7413297C347A0038971F /* GetMemoriesCount.swift in Sources */ = {isa = PBXBuildFile; fileRef = B2FE7412297C347A0038971F /* GetMemoriesCount.swift */; };
		B2FE7415297C35600038971F /* GetWordsCount.swift in Sources */ = {isa = PBXBuildFile; fileRef = B2FE7414297C35600038971F /* GetWordsCount.swift */; };
		B2FE7417297C36710038971F /* GetYearCount.swift in Sources */ = {isa = PBXBuildFile; fileRef = B2FE7416297C36710038971F /* GetYearCount.swift */; };
		B2FE7419297C41860038971F /* UIScreen+Extension.swift in Sources */ = {isa = PBXBuildFile; fileRef = B2FE7418297C41860038971F /* UIScreen+Extension.swift */; };
/* End PBXBuildFile section */

/* Begin PBXFileReference section */
		B21B218B296FF9740092FFD6 /* NewMemoryToolbar.swift */ = {isa = PBXFileReference; lastKnownFileType = sourcecode.swift; path = NewMemoryToolbar.swift; sourceTree = "<group>"; };
		B21B218D2970004C0092FFD6 /* JustCloseToolbar.swift */ = {isa = PBXFileReference; lastKnownFileType = sourcecode.swift; path = JustCloseToolbar.swift; sourceTree = "<group>"; };
		B21B218F297001FC0092FFD6 /* MainToolbar.swift */ = {isa = PBXFileReference; lastKnownFileType = sourcecode.swift; path = MainToolbar.swift; sourceTree = "<group>"; };
		B21B2191297004AE0092FFD6 /* SettingsToolbar.swift */ = {isa = PBXFileReference; lastKnownFileType = sourcecode.swift; path = SettingsToolbar.swift; sourceTree = "<group>"; };
		B21B219329703C630092FFD6 /* DatabaseDataManager.swift */ = {isa = PBXFileReference; lastKnownFileType = sourcecode.swift; path = DatabaseDataManager.swift; sourceTree = "<group>"; };
		B21B2195297042CE0092FFD6 /* JSONDataManager.swift */ = {isa = PBXFileReference; lastKnownFileType = sourcecode.swift; path = JSONDataManager.swift; sourceTree = "<group>"; };
		B21B219A297064BF0092FFD6 /* Just-Diary-Info.plist */ = {isa = PBXFileReference; lastKnownFileType = text.plist; path = "Just-Diary-Info.plist"; sourceTree = SOURCE_ROOT; };
		B21B21A029729ED10092FFD6 /* JSONDocument.swift */ = {isa = PBXFileReference; lastKnownFileType = sourcecode.swift; path = JSONDocument.swift; sourceTree = "<group>"; };
		B21B21A42972AC2B0092FFD6 /* ActivityView.swift */ = {isa = PBXFileReference; lastKnownFileType = sourcecode.swift; path = ActivityView.swift; sourceTree = "<group>"; };
		B21B21A62972B40E0092FFD6 /* View+Extension.swift */ = {isa = PBXFileReference; lastKnownFileType = sourcecode.swift; path = "View+Extension.swift"; sourceTree = "<group>"; };
		B21B21A829753CA60092FFD6 /* GetJSONDocument.swift */ = {isa = PBXFileReference; lastKnownFileType = sourcecode.swift; path = GetJSONDocument.swift; sourceTree = "<group>"; };
		B21B21AA29753F8F0092FFD6 /* MemoryView.swift */ = {isa = PBXFileReference; lastKnownFileType = sourcecode.swift; path = MemoryView.swift; sourceTree = "<group>"; };
		B21E89C7297599DB001F96AD /* MemoriesBox.swift */ = {isa = PBXFileReference; lastKnownFileType = sourcecode.swift; path = MemoriesBox.swift; sourceTree = "<group>"; };
		B220FF8F2987D5A000F052C3 /* DayModel.swift */ = {isa = PBXFileReference; lastKnownFileType = sourcecode.swift; path = DayModel.swift; sourceTree = "<group>"; };
		B220FF912987F03200F052C3 /* Window.swift */ = {isa = PBXFileReference; lastKnownFileType = sourcecode.swift; path = Window.swift; sourceTree = "<group>"; };
		B252B7C6296DBBFE0093DF14 /* GetYearFromDate.swift */ = {isa = PBXFileReference; lastKnownFileType = sourcecode.swift; path = GetYearFromDate.swift; sourceTree = "<group>"; };
		B252B7C8296DBCA30093DF14 /* GetMonthFromDate.swift */ = {isa = PBXFileReference; lastKnownFileType = sourcecode.swift; path = GetMonthFromDate.swift; sourceTree = "<group>"; };
		B266ECEB295C90FA008F70DB /* Just Diary.app */ = {isa = PBXFileReference; explicitFileType = wrapper.application; includeInIndex = 0; path = "Just Diary.app"; sourceTree = BUILT_PRODUCTS_DIR; };
		B266ECEE295C90FA008F70DB /* Just_DiaryApp.swift */ = {isa = PBXFileReference; lastKnownFileType = sourcecode.swift; path = Just_DiaryApp.swift; sourceTree = "<group>"; };
		B266ECF0295C90FA008F70DB /* MainList.swift */ = {isa = PBXFileReference; lastKnownFileType = sourcecode.swift; path = MainList.swift; sourceTree = "<group>"; };
		B266ECF2295C90FC008F70DB /* Assets.xcassets */ = {isa = PBXFileReference; lastKnownFileType = folder.assetcatalog; path = Assets.xcassets; sourceTree = "<group>"; };
		B266ECF4295C90FC008F70DB /* Just_Diary.entitlements */ = {isa = PBXFileReference; lastKnownFileType = text.plist.entitlements; path = Just_Diary.entitlements; sourceTree = "<group>"; };
		B266ECF6295C90FC008F70DB /* Preview Assets.xcassets */ = {isa = PBXFileReference; lastKnownFileType = folder.assetcatalog; path = "Preview Assets.xcassets"; sourceTree = "<group>"; };
		B27321B1297578A20025E749 /* FindTriggeredObj.swift */ = {isa = PBXFileReference; lastKnownFileType = sourcecode.swift; path = FindTriggeredObj.swift; sourceTree = "<group>"; };
		B28DB6E129695D3C0033DEE8 /* AboutDeveloperView.swift */ = {isa = PBXFileReference; lastKnownFileType = sourcecode.swift; path = AboutDeveloperView.swift; sourceTree = "<group>"; };
		B28DB6E3296961E40033DEE8 /* Image.swift */ = {isa = PBXFileReference; lastKnownFileType = sourcecode.swift; path = Image.swift; sourceTree = "<group>"; };
		B28DB6E52969817D0033DEE8 /* String.swift */ = {isa = PBXFileReference; lastKnownFileType = sourcecode.swift; path = String.swift; sourceTree = "<group>"; };
		B28DB6F22969871D0033DEE8 /* en */ = {isa = PBXFileReference; lastKnownFileType = text.plist.strings; name = en; path = en.lproj/Localizable.strings; sourceTree = "<group>"; };
		B28DB6F4296987320033DEE8 /* ru */ = {isa = PBXFileReference; lastKnownFileType = text.plist.strings; name = ru; path = ru.lproj/Localizable.strings; sourceTree = "<group>"; };
		B28DB6F7296987B70033DEE8 /* String+Extension.swift */ = {isa = PBXFileReference; lastKnownFileType = sourcecode.swift; path = "String+Extension.swift"; sourceTree = "<group>"; };
		B28DB6F92969ADB90033DEE8 /* NewMemoryView.swift */ = {isa = PBXFileReference; lastKnownFileType = sourcecode.swift; path = NewMemoryView.swift; sourceTree = "<group>"; };
		B2AC2552297D08D700B8E3B9 /* SaveMemory.swift */ = {isa = PBXFileReference; lastKnownFileType = sourcecode.swift; path = SaveMemory.swift; sourceTree = "<group>"; };
		B2AC2555297D123000B8E3B9 /* MainListViewModel.swift */ = {isa = PBXFileReference; lastKnownFileType = sourcecode.swift; path = MainListViewModel.swift; sourceTree = "<group>"; };
		B2AC2557297D154300B8E3B9 /* DayListViewModel.swift */ = {isa = PBXFileReference; lastKnownFileType = sourcecode.swift; path = DayListViewModel.swift; sourceTree = "<group>"; };
		B2AC2559297D8B1C00B8E3B9 /* ObservableType+Extension.swift */ = {isa = PBXFileReference; lastKnownFileType = sourcecode.swift; path = "ObservableType+Extension.swift"; sourceTree = "<group>"; };
		B2BC8969296D509300B36BD4 /* LocalRxDataManager.swift */ = {isa = PBXFileReference; lastKnownFileType = sourcecode.swift; path = LocalRxDataManager.swift; sourceTree = "<group>"; };
		B2BC896E296D6D0D00B36BD4 /* Memory.swift */ = {isa = PBXFileReference; lastKnownFileType = sourcecode.swift; path = Memory.swift; sourceTree = "<group>"; };
		B2BC8971296D6EC200B36BD4 /* Resources.swift */ = {isa = PBXFileReference; lastKnownFileType = sourcecode.swift; path = Resources.swift; sourceTree = "<group>"; };
		B2BC8973296D6EDC00B36BD4 /* UseCases.swift */ = {isa = PBXFileReference; lastKnownFileType = sourcecode.swift; path = UseCases.swift; sourceTree = "<group>"; };
		B2BC8979296DA87400B36BD4 /* RangeReplaceableCollection+Extension.swift */ = {isa = PBXFileReference; lastKnownFileType = sourcecode.swift; path = "RangeReplaceableCollection+Extension.swift"; sourceTree = "<group>"; };
		B2BCE8652966E012001B8388 /* YearAndMonthStruct.swift */ = {isa = PBXFileReference; lastKnownFileType = sourcecode.swift; path = YearAndMonthStruct.swift; sourceTree = "<group>"; };
		B2BCE86D2966FF73001B8388 /* DayList.swift */ = {isa = PBXFileReference; lastKnownFileType = sourcecode.swift; path = DayList.swift; sourceTree = "<group>"; };
		B2BCE871296700DA001B8388 /* DayRow.swift */ = {isa = PBXFileReference; lastKnownFileType = sourcecode.swift; path = DayRow.swift; sourceTree = "<group>"; };
		B2BCE874296705D9001B8388 /* Color.swift */ = {isa = PBXFileReference; lastKnownFileType = sourcecode.swift; path = Color.swift; sourceTree = "<group>"; };
		B2BCE87A2967383B001B8388 /* GetClearData.swift */ = {isa = PBXFileReference; lastKnownFileType = sourcecode.swift; path = GetClearData.swift; sourceTree = "<group>"; };
		B2BCE87D29694288001B8388 /* MainData.xcdatamodel */ = {isa = PBXFileReference; lastKnownFileType = wrapper.xcdatamodel; path = MainData.xcdatamodel; sourceTree = "<group>"; };
		B2BCE88029694D95001B8388 /* SettingsView.swift */ = {isa = PBXFileReference; lastKnownFileType = sourcecode.swift; path = SettingsView.swift; sourceTree = "<group>"; };
		B2C7BC412975900600616953 /* MemoryViewToolbar.swift */ = {isa = PBXFileReference; lastKnownFileType = sourcecode.swift; path = MemoryViewToolbar.swift; sourceTree = "<group>"; };
		B2C7BC432975937C00616953 /* MemoryObject+Extension.swift */ = {isa = PBXFileReference; lastKnownFileType = sourcecode.swift; path = "MemoryObject+Extension.swift"; sourceTree = "<group>"; };
		B2FE740D297C31360038971F /* StatisticView.swift */ = {isa = PBXFileReference; lastKnownFileType = sourcecode.swift; path = StatisticView.swift; sourceTree = "<group>"; };
		B2FE740F297C337C0038971F /* StatisticRow.swift */ = {isa = PBXFileReference; lastKnownFileType = sourcecode.swift; path = StatisticRow.swift; sourceTree = "<group>"; };
		B2FE7412297C347A0038971F /* GetMemoriesCount.swift */ = {isa = PBXFileReference; lastKnownFileType = sourcecode.swift; path = GetMemoriesCount.swift; sourceTree = "<group>"; };
		B2FE7414297C35600038971F /* GetWordsCount.swift */ = {isa = PBXFileReference; lastKnownFileType = sourcecode.swift; path = GetWordsCount.swift; sourceTree = "<group>"; };
		B2FE7416297C36710038971F /* GetYearCount.swift */ = {isa = PBXFileReference; lastKnownFileType = sourcecode.swift; path = GetYearCount.swift; sourceTree = "<group>"; };
		B2FE7418297C41860038971F /* UIScreen+Extension.swift */ = {isa = PBXFileReference; lastKnownFileType = sourcecode.swift; path = "UIScreen+Extension.swift"; sourceTree = "<group>"; };
/* End PBXFileReference section */

/* Begin PBXFrameworksBuildPhase section */
		B266ECE8295C90FA008F70DB /* Frameworks */ = {
			isa = PBXFrameworksBuildPhase;
			buildActionMask = 2147483647;
			files = (
				B252B7D2296ED6860093DF14 /* RxSwift in Frameworks */,
				B252B7D0296ED6860093DF14 /* RxCocoa in Frameworks */,
			);
			runOnlyForDeploymentPostprocessing = 0;
		};
/* End PBXFrameworksBuildPhase section */

/* Begin PBXGroup section */
		B21B218A296FF95E0092FFD6 /* Toolbars */ = {
			isa = PBXGroup;
			children = (
				B21B218B296FF9740092FFD6 /* NewMemoryToolbar.swift */,
				B21B218D2970004C0092FFD6 /* JustCloseToolbar.swift */,
				B21B218F297001FC0092FFD6 /* MainToolbar.swift */,
				B21B2191297004AE0092FFD6 /* SettingsToolbar.swift */,
				B2C7BC412975900600616953 /* MemoryViewToolbar.swift */,
			);
			path = Toolbars;
			sourceTree = "<group>";
		};
		B266ECE2295C90FA008F70DB = {
			isa = PBXGroup;
			children = (
				B266ECED295C90FA008F70DB /* Just Diary */,
				B266ECEC295C90FA008F70DB /* Products */,
			);
			sourceTree = "<group>";
		};
		B266ECEC295C90FA008F70DB /* Products */ = {
			isa = PBXGroup;
			children = (
				B266ECEB295C90FA008F70DB /* Just Diary.app */,
			);
			name = Products;
			sourceTree = "<group>";
		};
		B266ECED295C90FA008F70DB /* Just Diary */ = {
			isa = PBXGroup;
			children = (
				B21B219A297064BF0092FFD6 /* Just-Diary-Info.plist */,
				B28DB6E7296986370033DEE8 /* Assets */,
				B2BCE87929673829001B8388 /* UseCases */,
				B2BCE873296705CF001B8388 /* Constatns */,
				B2BC8970296D6E9300B36BD4 /* Services */,
				B28DB6F6296987770033DEE8 /* Extensions */,
				B2BC896D296D6CF200B36BD4 /* Models */,
				B2BCE8642966DC02001B8388 /* ModelsStructUI */,
				B2AC2554297D121A00B8E3B9 /* ViewModels */,
				B2BCE8632966D900001B8388 /* UI */,
				B266ECEE295C90FA008F70DB /* Just_DiaryApp.swift */,
				B266ECF4295C90FC008F70DB /* Just_Diary.entitlements */,
				B266ECF5295C90FC008F70DB /* Preview Content */,
				B2BCE87C29694288001B8388 /* MainData.xcdatamodeld */,
			);
			path = "Just Diary";
			sourceTree = "<group>";
		};
		B266ECF5295C90FC008F70DB /* Preview Content */ = {
			isa = PBXGroup;
			children = (
				B266ECF6295C90FC008F70DB /* Preview Assets.xcassets */,
			);
			path = "Preview Content";
			sourceTree = "<group>";
		};
		B28DB6E029695D000033DEE8 /* SheetViews */ = {
			isa = PBXGroup;
			children = (
				B28DB6E129695D3C0033DEE8 /* AboutDeveloperView.swift */,
				B21B21AA29753F8F0092FFD6 /* MemoryView.swift */,
				B2BCE88029694D95001B8388 /* SettingsView.swift */,
				B2FE740D297C31360038971F /* StatisticView.swift */,
			);
			path = SheetViews;
			sourceTree = "<group>";
		};
		B28DB6E7296986370033DEE8 /* Assets */ = {
			isa = PBXGroup;
			children = (
				B28DB6F32969871D0033DEE8 /* Localizable.strings */,
				B266ECF2295C90FC008F70DB /* Assets.xcassets */,
			);
			path = Assets;
			sourceTree = "<group>";
		};
		B28DB6F6296987770033DEE8 /* Extensions */ = {
			isa = PBXGroup;
			children = (
				B28DB6F7296987B70033DEE8 /* String+Extension.swift */,
				B2BC8979296DA87400B36BD4 /* RangeReplaceableCollection+Extension.swift */,
				B21B21A42972AC2B0092FFD6 /* ActivityView.swift */,
				B21B21A62972B40E0092FFD6 /* View+Extension.swift */,
				B2C7BC432975937C00616953 /* MemoryObject+Extension.swift */,
				B2FE7418297C41860038971F /* UIScreen+Extension.swift */,
				B2AC2559297D8B1C00B8E3B9 /* ObservableType+Extension.swift */,
			);
			path = Extensions;
			sourceTree = "<group>";
		};
		B2AC2554297D121A00B8E3B9 /* ViewModels */ = {
			isa = PBXGroup;
			children = (
				B2AC2555297D123000B8E3B9 /* MainListViewModel.swift */,
				B2AC2557297D154300B8E3B9 /* DayListViewModel.swift */,
			);
			path = ViewModels;
			sourceTree = "<group>";
		};
		B2BC896D296D6CF200B36BD4 /* Models */ = {
			isa = PBXGroup;
			children = (
				B2BC896E296D6D0D00B36BD4 /* Memory.swift */,
				B21B21A029729ED10092FFD6 /* JSONDocument.swift */,
				B21E89C7297599DB001F96AD /* MemoriesBox.swift */,
			);
			path = Models;
			sourceTree = "<group>";
		};
		B2BC8970296D6E9300B36BD4 /* Services */ = {
			isa = PBXGroup;
			children = (
				B2BC8971296D6EC200B36BD4 /* Resources.swift */,
				B2BC8973296D6EDC00B36BD4 /* UseCases.swift */,
				B2BC8969296D509300B36BD4 /* LocalRxDataManager.swift */,
				B21B219329703C630092FFD6 /* DatabaseDataManager.swift */,
				B21B2195297042CE0092FFD6 /* JSONDataManager.swift */,
			);
			path = Services;
			sourceTree = "<group>";
		};
		B2BCE8632966D900001B8388 /* UI */ = {
			isa = PBXGroup;
			children = (
				B21B218A296FF95E0092FFD6 /* Toolbars */,
				B28DB6E029695D000033DEE8 /* SheetViews */,
				B2BCE87F29694D68001B8388 /* FullScreenViews */,
				B2BCE86F2967009E001B8388 /* Lists */,
				B2BCE870296700B7001B8388 /* ListRows */,
			);
			path = UI;
			sourceTree = "<group>";
		};
		B2BCE8642966DC02001B8388 /* ModelsStructUI */ = {
			isa = PBXGroup;
			children = (
				B2BCE8652966E012001B8388 /* YearAndMonthStruct.swift */,
				B220FF8F2987D5A000F052C3 /* DayModel.swift */,
			);
			path = ModelsStructUI;
			sourceTree = "<group>";
		};
		B2BCE86F2967009E001B8388 /* Lists */ = {
			isa = PBXGroup;
			children = (
				B266ECF0295C90FA008F70DB /* MainList.swift */,
				B2BCE86D2966FF73001B8388 /* DayList.swift */,
			);
			path = Lists;
			sourceTree = "<group>";
		};
		B2BCE870296700B7001B8388 /* ListRows */ = {
			isa = PBXGroup;
			children = (
				B2BCE871296700DA001B8388 /* DayRow.swift */,
				B2FE740F297C337C0038971F /* StatisticRow.swift */,
			);
			path = ListRows;
			sourceTree = "<group>";
		};
		B2BCE873296705CF001B8388 /* Constatns */ = {
			isa = PBXGroup;
			children = (
				B2BCE874296705D9001B8388 /* Color.swift */,
				B28DB6E3296961E40033DEE8 /* Image.swift */,
				B28DB6E52969817D0033DEE8 /* String.swift */,
				B220FF912987F03200F052C3 /* Window.swift */,
			);
			path = Constatns;
			sourceTree = "<group>";
		};
		B2BCE87929673829001B8388 /* UseCases */ = {
			isa = PBXGroup;
			children = (
				B2FE7411297C34610038971F /* Statistic */,
				B2BCE87A2967383B001B8388 /* GetClearData.swift */,
				B252B7C6296DBBFE0093DF14 /* GetYearFromDate.swift */,
				B252B7C8296DBCA30093DF14 /* GetMonthFromDate.swift */,
				B21B21A829753CA60092FFD6 /* GetJSONDocument.swift */,
				B27321B1297578A20025E749 /* FindTriggeredObj.swift */,
				B2AC2552297D08D700B8E3B9 /* SaveMemory.swift */,
			);
			path = UseCases;
			sourceTree = "<group>";
		};
		B2BCE87F29694D68001B8388 /* FullScreenViews */ = {
			isa = PBXGroup;
			children = (
				B28DB6F92969ADB90033DEE8 /* NewMemoryView.swift */,
			);
			path = FullScreenViews;
			sourceTree = "<group>";
		};
		B2FE7411297C34610038971F /* Statistic */ = {
			isa = PBXGroup;
			children = (
				B2FE7412297C347A0038971F /* GetMemoriesCount.swift */,
				B2FE7414297C35600038971F /* GetWordsCount.swift */,
				B2FE7416297C36710038971F /* GetYearCount.swift */,
			);
			path = Statistic;
			sourceTree = "<group>";
		};
/* End PBXGroup section */

/* Begin PBXNativeTarget section */
		B266ECEA295C90FA008F70DB /* Just Diary */ = {
			isa = PBXNativeTarget;
			buildConfigurationList = B266ECFA295C90FC008F70DB /* Build configuration list for PBXNativeTarget "Just Diary" */;
			buildPhases = (
				B266ECE7295C90FA008F70DB /* Sources */,
				B266ECE8295C90FA008F70DB /* Frameworks */,
				B266ECE9295C90FA008F70DB /* Resources */,
			);
			buildRules = (
			);
			dependencies = (
			);
			name = "Just Diary";
			packageProductDependencies = (
				B252B7CF296ED6860093DF14 /* RxCocoa */,
				B252B7D1296ED6860093DF14 /* RxSwift */,
			);
			productName = "Just Diary";
			productReference = B266ECEB295C90FA008F70DB /* Just Diary.app */;
			productType = "com.apple.product-type.application";
		};
/* End PBXNativeTarget section */

/* Begin PBXProject section */
		B266ECE3295C90FA008F70DB /* Project object */ = {
			isa = PBXProject;
			attributes = {
				BuildIndependentTargetsInParallel = 1;
				LastSwiftUpdateCheck = 1420;
				LastUpgradeCheck = 1420;
				TargetAttributes = {
					B266ECEA295C90FA008F70DB = {
						CreatedOnToolsVersion = 14.2;
					};
				};
			};
			buildConfigurationList = B266ECE6295C90FA008F70DB /* Build configuration list for PBXProject "Just Diary" */;
			compatibilityVersion = "Xcode 14.0";
			developmentRegion = en;
			hasScannedForEncodings = 0;
			knownRegions = (
				en,
				Base,
				ru,
			);
			mainGroup = B266ECE2295C90FA008F70DB;
			packageReferences = (
				B252B7CE296ED6850093DF14 /* XCRemoteSwiftPackageReference "RxSwift" */,
			);
			productRefGroup = B266ECEC295C90FA008F70DB /* Products */;
			projectDirPath = "";
			projectRoot = "";
			targets = (
				B266ECEA295C90FA008F70DB /* Just Diary */,
			);
		};
/* End PBXProject section */

/* Begin PBXResourcesBuildPhase section */
		B266ECE9295C90FA008F70DB /* Resources */ = {
			isa = PBXResourcesBuildPhase;
			buildActionMask = 2147483647;
			files = (
				B21B219B297064EE0092FFD6 /* Just-Diary-Info.plist in Resources */,
				B28DB6F12969871D0033DEE8 /* Localizable.strings in Resources */,
				B266ECF7295C90FC008F70DB /* Preview Assets.xcassets in Resources */,
				B266ECF3295C90FC008F70DB /* Assets.xcassets in Resources */,
			);
			runOnlyForDeploymentPostprocessing = 0;
		};
/* End PBXResourcesBuildPhase section */

/* Begin PBXSourcesBuildPhase section */
		B266ECE7295C90FA008F70DB /* Sources */ = {
			isa = PBXSourcesBuildPhase;
			buildActionMask = 2147483647;
			files = (
				B21B218E2970004D0092FFD6 /* JustCloseToolbar.swift in Sources */,
				B28DB6F8296987B70033DEE8 /* String+Extension.swift in Sources */,
				B21B2196297042CE0092FFD6 /* JSONDataManager.swift in Sources */,
				B2BCE87E29694288001B8388 /* MainData.xcdatamodeld in Sources */,
				B252B7C7296DBBFE0093DF14 /* GetYearFromDate.swift in Sources */,
				B2FE7417297C36710038971F /* GetYearCount.swift in Sources */,
				B2FE7410297C337C0038971F /* StatisticRow.swift in Sources */,
				B2AC2558297D154300B8E3B9 /* DayListViewModel.swift in Sources */,
				B21B2192297004AF0092FFD6 /* SettingsToolbar.swift in Sources */,
				B252B7C9296DBCA30093DF14 /* GetMonthFromDate.swift in Sources */,
				B21B219429703C630092FFD6 /* DatabaseDataManager.swift in Sources */,
				B21B21A929753CA60092FFD6 /* GetJSONDocument.swift in Sources */,
				B21B21AB29753F8F0092FFD6 /* MemoryView.swift in Sources */,
				B2BC896A296D509300B36BD4 /* LocalRxDataManager.swift in Sources */,
				B28DB6E229695D3C0033DEE8 /* AboutDeveloperView.swift in Sources */,
				B266ECF1295C90FA008F70DB /* MainList.swift in Sources */,
				B266ECEF295C90FA008F70DB /* Just_DiaryApp.swift in Sources */,
				B2FE740E297C31360038971F /* StatisticView.swift in Sources */,
				B2BC896F296D6D0D00B36BD4 /* Memory.swift in Sources */,
				B2BC8972296D6EC200B36BD4 /* Resources.swift in Sources */,
				B21B2190297001FC0092FFD6 /* MainToolbar.swift in Sources */,
				B21E89C8297599DB001F96AD /* MemoriesBox.swift in Sources */,
				B2BCE86E2966FF73001B8388 /* DayList.swift in Sources */,
				B28DB6E4296961E40033DEE8 /* Image.swift in Sources */,
				B21B21A72972B40E0092FFD6 /* View+Extension.swift in Sources */,
				B2FE7419297C41860038971F /* UIScreen+Extension.swift in Sources */,
				B2BC897A296DA87400B36BD4 /* RangeReplaceableCollection+Extension.swift in Sources */,
				B2AC2556297D123000B8E3B9 /* MainListViewModel.swift in Sources */,
				B2BCE872296700DA001B8388 /* DayRow.swift in Sources */,
				B2FE7415297C35600038971F /* GetWordsCount.swift in Sources */,
				B2BCE87B2967383B001B8388 /* GetClearData.swift in Sources */,
				B2C7BC442975937C00616953 /* MemoryObject+Extension.swift in Sources */,
				B2C7BC422975900600616953 /* MemoryViewToolbar.swift in Sources */,
				B2BCE88129694D95001B8388 /* SettingsView.swift in Sources */,
				B2BC8974296D6EDC00B36BD4 /* UseCases.swift in Sources */,
				B220FF902987D5A000F052C3 /* DayModel.swift in Sources */,
				B28DB6E62969817D0033DEE8 /* String.swift in Sources */,
				B28DB6FA2969ADB90033DEE8 /* NewMemoryView.swift in Sources */,
				B21B21A52972AC2B0092FFD6 /* ActivityView.swift in Sources */,
				B2AC255A297D8B1C00B8E3B9 /* ObservableType+Extension.swift in Sources */,
				B21B21A129729ED10092FFD6 /* JSONDocument.swift in Sources */,
				B2FE7413297C347A0038971F /* GetMemoriesCount.swift in Sources */,
				B2BCE8662966E012001B8388 /* YearAndMonthStruct.swift in Sources */,
				B27321B2297578A20025E749 /* FindTriggeredObj.swift in Sources */,
				B2BCE875296705D9001B8388 /* Color.swift in Sources */,
				B2AC2553297D08D700B8E3B9 /* SaveMemory.swift in Sources */,
				B21B218C296FF9740092FFD6 /* NewMemoryToolbar.swift in Sources */,
				B220FF922987F03200F052C3 /* Window.swift in Sources */,
			);
			runOnlyForDeploymentPostprocessing = 0;
		};
/* End PBXSourcesBuildPhase section */

/* Begin PBXVariantGroup section */
		B28DB6F32969871D0033DEE8 /* Localizable.strings */ = {
			isa = PBXVariantGroup;
			children = (
				B28DB6F22969871D0033DEE8 /* en */,
				B28DB6F4296987320033DEE8 /* ru */,
			);
			name = Localizable.strings;
			sourceTree = "<group>";
		};
/* End PBXVariantGroup section */

/* Begin XCBuildConfiguration section */
		B266ECF8295C90FC008F70DB /* Debug */ = {
			isa = XCBuildConfiguration;
			buildSettings = {
				ALWAYS_SEARCH_USER_PATHS = NO;
				CLANG_ANALYZER_LOCALIZABILITY_NONLOCALIZED = YES;
				CLANG_ANALYZER_NONNULL = YES;
				CLANG_ANALYZER_NUMBER_OBJECT_CONVERSION = YES_AGGRESSIVE;
				CLANG_CXX_LANGUAGE_STANDARD = "gnu++20";
				CLANG_ENABLE_MODULES = YES;
				CLANG_ENABLE_OBJC_ARC = YES;
				CLANG_ENABLE_OBJC_WEAK = YES;
				CLANG_WARN_BLOCK_CAPTURE_AUTORELEASING = YES;
				CLANG_WARN_BOOL_CONVERSION = YES;
				CLANG_WARN_COMMA = YES;
				CLANG_WARN_CONSTANT_CONVERSION = YES;
				CLANG_WARN_DEPRECATED_OBJC_IMPLEMENTATIONS = YES;
				CLANG_WARN_DIRECT_OBJC_ISA_USAGE = YES_ERROR;
				CLANG_WARN_DOCUMENTATION_COMMENTS = YES;
				CLANG_WARN_EMPTY_BODY = YES;
				CLANG_WARN_ENUM_CONVERSION = YES;
				CLANG_WARN_INFINITE_RECURSION = YES;
				CLANG_WARN_INT_CONVERSION = YES;
				CLANG_WARN_NON_LITERAL_NULL_CONVERSION = YES;
				CLANG_WARN_OBJC_IMPLICIT_RETAIN_SELF = YES;
				CLANG_WARN_OBJC_LITERAL_CONVERSION = YES;
				CLANG_WARN_OBJC_ROOT_CLASS = YES_ERROR;
				CLANG_WARN_QUOTED_INCLUDE_IN_FRAMEWORK_HEADER = YES;
				CLANG_WARN_RANGE_LOOP_ANALYSIS = YES;
				CLANG_WARN_STRICT_PROTOTYPES = YES;
				CLANG_WARN_SUSPICIOUS_MOVE = YES;
				CLANG_WARN_UNGUARDED_AVAILABILITY = YES_AGGRESSIVE;
				CLANG_WARN_UNREACHABLE_CODE = YES;
				CLANG_WARN__DUPLICATE_METHOD_MATCH = YES;
				COPY_PHASE_STRIP = NO;
				DEBUG_INFORMATION_FORMAT = dwarf;
				ENABLE_STRICT_OBJC_MSGSEND = YES;
				ENABLE_TESTABILITY = YES;
				GCC_C_LANGUAGE_STANDARD = gnu11;
				GCC_DYNAMIC_NO_PIC = NO;
				GCC_NO_COMMON_BLOCKS = YES;
				GCC_OPTIMIZATION_LEVEL = 0;
				GCC_PREPROCESSOR_DEFINITIONS = (
					"DEBUG=1",
					"$(inherited)",
				);
				GCC_WARN_64_TO_32_BIT_CONVERSION = YES;
				GCC_WARN_ABOUT_RETURN_TYPE = YES_ERROR;
				GCC_WARN_UNDECLARED_SELECTOR = YES;
				GCC_WARN_UNINITIALIZED_AUTOS = YES_AGGRESSIVE;
				GCC_WARN_UNUSED_FUNCTION = YES;
				GCC_WARN_UNUSED_VARIABLE = YES;
				MTL_ENABLE_DEBUG_INFO = INCLUDE_SOURCE;
				MTL_FAST_MATH = YES;
				ONLY_ACTIVE_ARCH = YES;
				SWIFT_ACTIVE_COMPILATION_CONDITIONS = DEBUG;
				SWIFT_OPTIMIZATION_LEVEL = "-Onone";
			};
			name = Debug;
		};
		B266ECF9295C90FC008F70DB /* Release */ = {
			isa = XCBuildConfiguration;
			buildSettings = {
				ALWAYS_SEARCH_USER_PATHS = NO;
				CLANG_ANALYZER_LOCALIZABILITY_NONLOCALIZED = YES;
				CLANG_ANALYZER_NONNULL = YES;
				CLANG_ANALYZER_NUMBER_OBJECT_CONVERSION = YES_AGGRESSIVE;
				CLANG_CXX_LANGUAGE_STANDARD = "gnu++20";
				CLANG_ENABLE_MODULES = YES;
				CLANG_ENABLE_OBJC_ARC = YES;
				CLANG_ENABLE_OBJC_WEAK = YES;
				CLANG_WARN_BLOCK_CAPTURE_AUTORELEASING = YES;
				CLANG_WARN_BOOL_CONVERSION = YES;
				CLANG_WARN_COMMA = YES;
				CLANG_WARN_CONSTANT_CONVERSION = YES;
				CLANG_WARN_DEPRECATED_OBJC_IMPLEMENTATIONS = YES;
				CLANG_WARN_DIRECT_OBJC_ISA_USAGE = YES_ERROR;
				CLANG_WARN_DOCUMENTATION_COMMENTS = YES;
				CLANG_WARN_EMPTY_BODY = YES;
				CLANG_WARN_ENUM_CONVERSION = YES;
				CLANG_WARN_INFINITE_RECURSION = YES;
				CLANG_WARN_INT_CONVERSION = YES;
				CLANG_WARN_NON_LITERAL_NULL_CONVERSION = YES;
				CLANG_WARN_OBJC_IMPLICIT_RETAIN_SELF = YES;
				CLANG_WARN_OBJC_LITERAL_CONVERSION = YES;
				CLANG_WARN_OBJC_ROOT_CLASS = YES_ERROR;
				CLANG_WARN_QUOTED_INCLUDE_IN_FRAMEWORK_HEADER = YES;
				CLANG_WARN_RANGE_LOOP_ANALYSIS = YES;
				CLANG_WARN_STRICT_PROTOTYPES = YES;
				CLANG_WARN_SUSPICIOUS_MOVE = YES;
				CLANG_WARN_UNGUARDED_AVAILABILITY = YES_AGGRESSIVE;
				CLANG_WARN_UNREACHABLE_CODE = YES;
				CLANG_WARN__DUPLICATE_METHOD_MATCH = YES;
				COPY_PHASE_STRIP = NO;
				DEBUG_INFORMATION_FORMAT = "dwarf-with-dsym";
				ENABLE_NS_ASSERTIONS = NO;
				ENABLE_STRICT_OBJC_MSGSEND = YES;
				GCC_C_LANGUAGE_STANDARD = gnu11;
				GCC_NO_COMMON_BLOCKS = YES;
				GCC_WARN_64_TO_32_BIT_CONVERSION = YES;
				GCC_WARN_ABOUT_RETURN_TYPE = YES_ERROR;
				GCC_WARN_UNDECLARED_SELECTOR = YES;
				GCC_WARN_UNINITIALIZED_AUTOS = YES_AGGRESSIVE;
				GCC_WARN_UNUSED_FUNCTION = YES;
				GCC_WARN_UNUSED_VARIABLE = YES;
				MTL_ENABLE_DEBUG_INFO = NO;
				MTL_FAST_MATH = YES;
				SWIFT_COMPILATION_MODE = wholemodule;
				SWIFT_OPTIMIZATION_LEVEL = "-O";
			};
			name = Release;
		};
		B266ECFB295C90FC008F70DB /* Debug */ = {
			isa = XCBuildConfiguration;
			buildSettings = {
				ASSETCATALOG_COMPILER_APPICON_NAME = AppIcon;
				ASSETCATALOG_COMPILER_GLOBAL_ACCENT_COLOR_NAME = AccentColor;
				CODE_SIGN_ENTITLEMENTS = "Just Diary/Just_Diary.entitlements";
				CODE_SIGN_STYLE = Automatic;
				CURRENT_PROJECT_VERSION = 1;
				DEVELOPMENT_ASSET_PATHS = "\"Just Diary/Preview Content\"";
				DEVELOPMENT_TEAM = SB6YADZB2M;
				ENABLE_HARDENED_RUNTIME = YES;
				ENABLE_PREVIEWS = YES;
				GENERATE_INFOPLIST_FILE = YES;
				INFOPLIST_FILE = "Just-Diary-Info.plist";
				INFOPLIST_KEY_CFBundleDisplayName = "";
				INFOPLIST_KEY_LSApplicationCategoryType = "";
				INFOPLIST_KEY_LSSupportsOpeningDocumentsInPlace = YES;
				"INFOPLIST_KEY_UIApplicationSceneManifest_Generation[sdk=iphoneos*]" = YES;
				"INFOPLIST_KEY_UIApplicationSceneManifest_Generation[sdk=iphonesimulator*]" = YES;
				"INFOPLIST_KEY_UIApplicationSupportsIndirectInputEvents[sdk=iphoneos*]" = YES;
				"INFOPLIST_KEY_UIApplicationSupportsIndirectInputEvents[sdk=iphonesimulator*]" = YES;
				"INFOPLIST_KEY_UILaunchScreen_Generation[sdk=iphoneos*]" = YES;
				"INFOPLIST_KEY_UILaunchScreen_Generation[sdk=iphonesimulator*]" = YES;
				"INFOPLIST_KEY_UIStatusBarStyle[sdk=iphoneos*]" = UIStatusBarStyleDefault;
				"INFOPLIST_KEY_UIStatusBarStyle[sdk=iphonesimulator*]" = UIStatusBarStyleDefault;
				INFOPLIST_KEY_UISupportedInterfaceOrientations_iPad = "UIInterfaceOrientationPortrait UIInterfaceOrientationPortraitUpsideDown UIInterfaceOrientationLandscapeLeft UIInterfaceOrientationLandscapeRight";
				INFOPLIST_KEY_UISupportedInterfaceOrientations_iPhone = "UIInterfaceOrientationPortrait UIInterfaceOrientationLandscapeLeft UIInterfaceOrientationLandscapeRight";
				IPHONEOS_DEPLOYMENT_TARGET = 15.0;
				LD_RUNPATH_SEARCH_PATHS = "@executable_path/Frameworks";
				"LD_RUNPATH_SEARCH_PATHS[sdk=macosx*]" = "@executable_path/../Frameworks";
				MACOSX_DEPLOYMENT_TARGET = 13.0;
				MARKETING_VERSION = 1.0;
				PRODUCT_BUNDLE_IDENTIFIER = "com.manzick.justdiary.Just-Diary";
				PRODUCT_NAME = "$(TARGET_NAME)";
				SDKROOT = auto;
				SUPPORTED_PLATFORMS = "iphoneos iphonesimulator macosx";
				SWIFT_EMIT_LOC_STRINGS = YES;
				SWIFT_VERSION = 5.0;
				TARGETED_DEVICE_FAMILY = "1,2";
			};
			name = Debug;
		};
		B266ECFC295C90FC008F70DB /* Release */ = {
			isa = XCBuildConfiguration;
			buildSettings = {
				ASSETCATALOG_COMPILER_APPICON_NAME = AppIcon;
				ASSETCATALOG_COMPILER_GLOBAL_ACCENT_COLOR_NAME = AccentColor;
				CODE_SIGN_ENTITLEMENTS = "Just Diary/Just_Diary.entitlements";
				CODE_SIGN_STYLE = Automatic;
				CURRENT_PROJECT_VERSION = 1;
				DEVELOPMENT_ASSET_PATHS = "\"Just Diary/Preview Content\"";
				DEVELOPMENT_TEAM = SB6YADZB2M;
				ENABLE_HARDENED_RUNTIME = YES;
				ENABLE_PREVIEWS = YES;
				GENERATE_INFOPLIST_FILE = YES;
				INFOPLIST_FILE = "Just-Diary-Info.plist";
				INFOPLIST_KEY_CFBundleDisplayName = "";
				INFOPLIST_KEY_LSApplicationCategoryType = "";
				INFOPLIST_KEY_LSSupportsOpeningDocumentsInPlace = YES;
				"INFOPLIST_KEY_UIApplicationSceneManifest_Generation[sdk=iphoneos*]" = YES;
				"INFOPLIST_KEY_UIApplicationSceneManifest_Generation[sdk=iphonesimulator*]" = YES;
				"INFOPLIST_KEY_UIApplicationSupportsIndirectInputEvents[sdk=iphoneos*]" = YES;
				"INFOPLIST_KEY_UIApplicationSupportsIndirectInputEvents[sdk=iphonesimulator*]" = YES;
				"INFOPLIST_KEY_UILaunchScreen_Generation[sdk=iphoneos*]" = YES;
				"INFOPLIST_KEY_UILaunchScreen_Generation[sdk=iphonesimulator*]" = YES;
				"INFOPLIST_KEY_UIStatusBarStyle[sdk=iphoneos*]" = UIStatusBarStyleDefault;
				"INFOPLIST_KEY_UIStatusBarStyle[sdk=iphonesimulator*]" = UIStatusBarStyleDefault;
				INFOPLIST_KEY_UISupportedInterfaceOrientations_iPad = "UIInterfaceOrientationPortrait UIInterfaceOrientationPortraitUpsideDown UIInterfaceOrientationLandscapeLeft UIInterfaceOrientationLandscapeRight";
				INFOPLIST_KEY_UISupportedInterfaceOrientations_iPhone = "UIInterfaceOrientationPortrait UIInterfaceOrientationLandscapeLeft UIInterfaceOrientationLandscapeRight";
				IPHONEOS_DEPLOYMENT_TARGET = 15.0;
				LD_RUNPATH_SEARCH_PATHS = "@executable_path/Frameworks";
				"LD_RUNPATH_SEARCH_PATHS[sdk=macosx*]" = "@executable_path/../Frameworks";
				MACOSX_DEPLOYMENT_TARGET = 13.0;
				MARKETING_VERSION = 1.0;
				PRODUCT_BUNDLE_IDENTIFIER = "com.manzick.justdiary.Just-Diary";
				PRODUCT_NAME = "$(TARGET_NAME)";
				SDKROOT = auto;
				SUPPORTED_PLATFORMS = "iphoneos iphonesimulator macosx";
				SWIFT_EMIT_LOC_STRINGS = YES;
				SWIFT_VERSION = 5.0;
				TARGETED_DEVICE_FAMILY = "1,2";
			};
			name = Release;
		};
/* End XCBuildConfiguration section */

/* Begin XCConfigurationList section */
		B266ECE6295C90FA008F70DB /* Build configuration list for PBXProject "Just Diary" */ = {
			isa = XCConfigurationList;
			buildConfigurations = (
				B266ECF8295C90FC008F70DB /* Debug */,
				B266ECF9295C90FC008F70DB /* Release */,
			);
			defaultConfigurationIsVisible = 0;
			defaultConfigurationName = Release;
		};
		B266ECFA295C90FC008F70DB /* Build configuration list for PBXNativeTarget "Just Diary" */ = {
			isa = XCConfigurationList;
			buildConfigurations = (
				B266ECFB295C90FC008F70DB /* Debug */,
				B266ECFC295C90FC008F70DB /* Release */,
			);
			defaultConfigurationIsVisible = 0;
			defaultConfigurationName = Release;
		};
/* End XCConfigurationList section */

/* Begin XCRemoteSwiftPackageReference section */
		B252B7CE296ED6850093DF14 /* XCRemoteSwiftPackageReference "RxSwift" */ = {
			isa = XCRemoteSwiftPackageReference;
			repositoryURL = "https://github.com/ReactiveX/RxSwift.git";
			requirement = {
				kind = upToNextMajorVersion;
				minimumVersion = 6.0.0;
			};
		};
/* End XCRemoteSwiftPackageReference section */

/* Begin XCSwiftPackageProductDependency section */
		B252B7CF296ED6860093DF14 /* RxCocoa */ = {
			isa = XCSwiftPackageProductDependency;
			package = B252B7CE296ED6850093DF14 /* XCRemoteSwiftPackageReference "RxSwift" */;
			productName = RxCocoa;
		};
		B252B7D1296ED6860093DF14 /* RxSwift */ = {
			isa = XCSwiftPackageProductDependency;
			package = B252B7CE296ED6850093DF14 /* XCRemoteSwiftPackageReference "RxSwift" */;
			productName = RxSwift;
		};
/* End XCSwiftPackageProductDependency section */

/* Begin XCVersionGroup section */
		B2BCE87C29694288001B8388 /* MainData.xcdatamodeld */ = {
			isa = XCVersionGroup;
			children = (
				B2BCE87D29694288001B8388 /* MainData.xcdatamodel */,
			);
			currentVersion = B2BCE87D29694288001B8388 /* MainData.xcdatamodel */;
			path = MainData.xcdatamodeld;
			sourceTree = "<group>";
			versionGroupType = wrapper.xcdatamodel;
		};
/* End XCVersionGroup section */
	};
	rootObject = B266ECE3295C90FA008F70DB /* Project object */;
}
